<?xml version="1.0" encoding="utf-8"?>
<Project ToolsVersion="4.0" xmlns="http://schemas.microsoft.com/developer/msbuild/2003">
  <ItemGroup>
    <ClCompile Include="Convert.cpp" />
    <ClCompile Include="Endpoint.cpp" />
    <ClCompile Include="JsonParser.cpp" />
    <ClCompile Include="Logger.cpp" />
    <ClCompile Include="OfflineData.cpp" />
    <ClCompile Include="OfflineHandler.cpp" />
    <ClCompile Include="PIResponse.cpp" />
    <ClCompile Include="PrivacyIDEA.cpp" />
    <ClCompile Include="RegistryReader.cpp" />
    <ClCompile Include="FIDODevice.cpp">
      <Filter>FIDO</Filter>
    </ClCompile>
  </ItemGroup>
  <ItemGroup>
    <ClInclude Include="Challenge.h" />
    <ClInclude Include="Convert.h" />
    <ClInclude Include="Endpoint.h" />
    <ClInclude Include="..\nlohmann\json.hpp" />
    <ClInclude Include="JsonParser.h" />
    <ClInclude Include="Logger.h" />
    <ClInclude Include="OfflineData.h" />
    <ClInclude Include="OfflineHandler.h" />
    <ClInclude Include="PIConfig.h" />
    <ClInclude Include="PIResponse.h" />
    <ClInclude Include="PrivacyIDEA.h" />
    <ClInclude Include="RegistryReader.h" />
    <ClInclude Include="AuthenticationStatus.h" />
    <ClInclude Include="FIDODevice.h">
      <Filter>FIDO</Filter>
    </ClInclude>
    <ClInclude Include="FIDORegistrationRequest.h">
      <Filter>FIDO</Filter>
    </ClInclude>
    <ClInclude Include="FIDORegistrationResponse.h">
      <Filter>FIDO</Filter>
    </ClInclude>
    <ClInclude Include="FIDOSignRequest.h">
      <Filter>FIDO</Filter>
    </ClInclude>
    <ClInclude Include="FIDOSignResponse.h">
      <Filter>FIDO</Filter>
    </ClInclude>
    <ClInclude Include="FIDOException.h">
      <Filter>FIDO</Filter>
    </ClInclude>
  </ItemGroup>
  <ItemGroup>
    <Filter Include="FIDO">
      <UniqueIdentifier>{fe3f4fa5-c3aa-4300-808b-d570ee577685}</UniqueIdentifier>
    </Filter>
  </ItemGroup>
</Project>